// !$*UTF8*$!
{
	archiveVersion = 1;
	classes = {
	};
	objectVersion = 55;
	objects = {

/* Begin PBXBuildFile section */
		118EA2E527C3A6170044ED56 /* Number_Prediction_APPApp.swift in Sources */ = {isa = PBXBuildFile; fileRef = 118EA2E427C3A6170044ED56 /* Number_Prediction_APPApp.swift */; };
		118EA2E727C3A6170044ED56 /* ContentView.swift in Sources */ = {isa = PBXBuildFile; fileRef = 118EA2E627C3A6170044ED56 /* ContentView.swift */; };
		118EA2E927C3A61A0044ED56 /* Assets.xcassets in Resources */ = {isa = PBXBuildFile; fileRef = 118EA2E827C3A61A0044ED56 /* Assets.xcassets */; };
		118EA2EC27C3A61A0044ED56 /* Preview Assets.xcassets in Resources */ = {isa = PBXBuildFile; fileRef = 118EA2EB27C3A61A0044ED56 /* Preview Assets.xcassets */; };
		118EA2F627C3A61B0044ED56 /* Number_Prediction_APPTests.swift in Sources */ = {isa = PBXBuildFile; fileRef = 118EA2F527C3A61B0044ED56 /* Number_Prediction_APPTests.swift */; };
		118EA30027C3A61B0044ED56 /* Number_Prediction_APPUITests.swift in Sources */ = {isa = PBXBuildFile; fileRef = 118EA2FF27C3A61B0044ED56 /* Number_Prediction_APPUITests.swift */; };
		118EA30227C3A61B0044ED56 /* Number_Prediction_APPUITestsLaunchTests.swift in Sources */ = {isa = PBXBuildFile; fileRef = 118EA30127C3A61B0044ED56 /* Number_Prediction_APPUITestsLaunchTests.swift */; };
/* End PBXBuildFile section */

/* Begin PBXContainerItemProxy section */
		118EA2F227C3A61A0044ED56 /* PBXContainerItemProxy */ = {
			isa = PBXContainerItemProxy;
			containerPortal = 118EA2D927C3A6170044ED56 /* Project object */;
			proxyType = 1;
			remoteGlobalIDString = 118EA2E027C3A6170044ED56;
			remoteInfo = "Number Prediction APP";
		};
		118EA2FC27C3A61B0044ED56 /* PBXContainerItemProxy */ = {
			isa = PBXContainerItemProxy;
			containerPortal = 118EA2D927C3A6170044ED56 /* Project object */;
			proxyType = 1;
			remoteGlobalIDString = 118EA2E027C3A6170044ED56;
			remoteInfo = "Number Prediction APP";
		};
/* End PBXContainerItemProxy section */

/* Begin PBXFileReference section */
		118EA2E127C3A6170044ED56 /* Number Prediction APP.app */ = {isa = PBXFileReference; explicitFileType = wrapper.application; includeInIndex = 0; path = "Number Prediction APP.app"; sourceTree = BUILT_PRODUCTS_DIR; };
		118EA2E427C3A6170044ED56 /* Number_Prediction_APPApp.swift */ = {isa = PBXFileReference; lastKnownFileType = sourcecode.swift; path = Number_Prediction_APPApp.swift; sourceTree = "<group>"; };
		118EA2E627C3A6170044ED56 /* ContentView.swift */ = {isa = PBXFileReference; lastKnownFileType = sourcecode.swift; path = ContentView.swift; sourceTree = "<group>"; };
		118EA2E827C3A61A0044ED56 /* Assets.xcassets */ = {isa = PBXFileReference; lastKnownFileType = folder.assetcatalog; path = Assets.xcassets; sourceTree = "<group>"; };
		118EA2EB27C3A61A0044ED56 /* Preview Assets.xcassets */ = {isa = PBXFileReference; lastKnownFileType = folder.assetcatalog; path = "Preview Assets.xcassets"; sourceTree = "<group>"; };
		118EA2F127C3A61A0044ED56 /* Number Prediction APPTests.xctest */ = {isa = PBXFileReference; explicitFileType = wrapper.cfbundle; includeInIndex = 0; path = "Number Prediction APPTests.xctest"; sourceTree = BUILT_PRODUCTS_DIR; };
		118EA2F527C3A61B0044ED56 /* Number_Prediction_APPTests.swift */ = {isa = PBXFileReference; lastKnownFileType = sourcecode.swift; path = Number_Prediction_APPTests.swift; sourceTree = "<group>"; };
		118EA2FB27C3A61B0044ED56 /* Number Prediction APPUITests.xctest */ = {isa = PBXFileReference; explicitFileType = wrapper.cfbundle; includeInIndex = 0; path = "Number Prediction APPUITests.xctest"; sourceTree = BUILT_PRODUCTS_DIR; };
		118EA2FF27C3A61B0044ED56 /* Number_Prediction_APPUITests.swift */ = {isa = PBXFileReference; lastKnownFileType = sourcecode.swift; path = Number_Prediction_APPUITests.swift; sourceTree = "<group>"; };
		118EA30127C3A61B0044ED56 /* Number_Prediction_APPUITestsLaunchTests.swift */ = {isa = PBXFileReference; lastKnownFileType = sourcecode.swift; path = Number_Prediction_APPUITestsLaunchTests.swift; sourceTree = "<group>"; };
/* End PBXFileReference section */

/* Begin PBXFrameworksBuildPhase section */
		118EA2DE27C3A6170044ED56 /* Frameworks */ = {
			isa = PBXFrameworksBuildPhase;
			buildActionMask = 2147483647;
			files = (
			);
			runOnlyForDeploymentPostprocessing = 0;
		};
		118EA2EE27C3A61A0044ED56 /* Frameworks */ = {
			isa = PBXFrameworksBuildPhase;
			buildActionMask = 2147483647;
			files = (
			);
			runOnlyForDeploymentPostprocessing = 0;
		};
		118EA2F827C3A61B0044ED56 /* Frameworks */ = {
			isa = PBXFrameworksBuildPhase;
			buildActionMask = 2147483647;
			files = (
			);
			runOnlyForDeploymentPostprocessing = 0;
		};
/* End PBXFrameworksBuildPhase section */

/* Begin PBXGroup section */
		118EA2D827C3A6170044ED56 = {
			isa = PBXGroup;
			children = (
				118EA2E327C3A6170044ED56 /* Number Prediction APP */,
				118EA2F427C3A61A0044ED56 /* Number Prediction APPTests */,
				118EA2FE27C3A61B0044ED56 /* Number Prediction APPUITests */,
				118EA2E227C3A6170044ED56 /* Products */,
			);
			sourceTree = "<group>";
		};
		118EA2E227C3A6170044ED56 /* Products */ = {
			isa = PBXGroup;
			children = (
				118EA2E127C3A6170044ED56 /* Number Prediction APP.app */,
				118EA2F127C3A61A0044ED56 /* Number Prediction APPTests.xctest */,
				118EA2FB27C3A61B0044ED56 /* Number Prediction APPUITests.xctest */,
			);
			name = Products;
			sourceTree = "<group>";
		};
		118EA2E327C3A6170044ED56 /* Number Prediction APP */ = {
			isa = PBXGroup;
			children = (
				118EA2E427C3A6170044ED56 /* Number_Prediction_APPApp.swift */,
				118EA2E627C3A6170044ED56 /* ContentView.swift */,
				118EA2E827C3A61A0044ED56 /* Assets.xcassets */,
				118EA2EA27C3A61A0044ED56 /* Preview Content */,
			);
			path = "Number Prediction APP";
			sourceTree = "<group>";
		};
		118EA2EA27C3A61A0044ED56 /* Preview Content */ = {
			isa = PBXGroup;
			children = (
				118EA2EB27C3A61A0044ED56 /* Preview Assets.xcassets */,
			);
			path = "Preview Content";
			sourceTree = "<group>";
		};
		118EA2F427C3A61A0044ED56 /* Number Prediction APPTests */ = {
			isa = PBXGroup;
			children = (
				118EA2F527C3A61B0044ED56 /* Number_Prediction_APPTests.swift */,
			);
			path = "Number Prediction APPTests";
			sourceTree = "<group>";
		};
		118EA2FE27C3A61B0044ED56 /* Number Prediction APPUITests */ = {
			isa = PBXGroup;
			children = (
				118EA2FF27C3A61B0044ED56 /* Number_Prediction_APPUITests.swift */,
				118EA30127C3A61B0044ED56 /* Number_Prediction_APPUITestsLaunchTests.swift */,
			);
			path = "Number Prediction APPUITests";
			sourceTree = "<group>";
		};
/* End PBXGroup section */

/* Begin PBXNativeTarget section */
		118EA2E027C3A6170044ED56 /* Number Prediction APP */ = {
			isa = PBXNativeTarget;
			buildConfigurationList = 118EA30527C3A61B0044ED56 /* Build configuration list for PBXNativeTarget "Number Prediction APP" */;
			buildPhases = (
				118EA2DD27C3A6170044ED56 /* Sources */,
				118EA2DE27C3A6170044ED56 /* Frameworks */,
				118EA2DF27C3A6170044ED56 /* Resources */,
			);
			buildRules = (
			);
			dependencies = (
			);
			name = "Number Prediction APP";
			productName = "Number Prediction APP";
			productReference = 118EA2E127C3A6170044ED56 /* Number Prediction APP.app */;
			productType = "com.apple.product-type.application";
		};
		118EA2F027C3A61A0044ED56 /* Number Prediction APPTests */ = {
			isa = PBXNativeTarget;
			buildConfigurationList = 118EA30827C3A61B0044ED56 /* Build configuration list for PBXNativeTarget "Number Prediction APPTests" */;
			buildPhases = (
				118EA2ED27C3A61A0044ED56 /* Sources */,
				118EA2EE27C3A61A0044ED56 /* Frameworks */,
				118EA2EF27C3A61A0044ED56 /* Resources */,
			);
			buildRules = (
			);
			dependencies = (
				118EA2F327C3A61A0044ED56 /* PBXTargetDependency */,
			);
			name = "Number Prediction APPTests";
			productName = "Number Prediction APPTests";
			productReference = 118EA2F127C3A61A0044ED56 /* Number Prediction APPTests.xctest */;
			productType = "com.apple.product-type.bundle.unit-test";
		};
		118EA2FA27C3A61B0044ED56 /* Number Prediction APPUITests */ = {
			isa = PBXNativeTarget;
			buildConfigurationList = 118EA30B27C3A61B0044ED56 /* Build configuration list for PBXNativeTarget "Number Prediction APPUITests" */;
			buildPhases = (
				118EA2F727C3A61B0044ED56 /* Sources */,
				118EA2F827C3A61B0044ED56 /* Frameworks */,
				118EA2F927C3A61B0044ED56 /* Resources */,
			);
			buildRules = (
			);
			dependencies = (
				118EA2FD27C3A61B0044ED56 /* PBXTargetDependency */,
			);
			name = "Number Prediction APPUITests";
			productName = "Number Prediction APPUITests";
			productReference = 118EA2FB27C3A61B0044ED56 /* Number Prediction APPUITests.xctest */;
			productType = "com.apple.product-type.bundle.ui-testing";
		};
/* End PBXNativeTarget section */

/* Begin PBXProject section */
		118EA2D927C3A6170044ED56 /* Project object */ = {
			isa = PBXProject;
			attributes = {
				BuildIndependentTargetsInParallel = 1;
				LastSwiftUpdateCheck = 1320;
				LastUpgradeCheck = 1320;
				TargetAttributes = {
					118EA2E027C3A6170044ED56 = {
						CreatedOnToolsVersion = 13.2.1;
					};
					118EA2F027C3A61A0044ED56 = {
						CreatedOnToolsVersion = 13.2.1;
						TestTargetID = 118EA2E027C3A6170044ED56;
					};
					118EA2FA27C3A61B0044ED56 = {
						CreatedOnToolsVersion = 13.2.1;
						TestTargetID = 118EA2E027C3A6170044ED56;
					};
				};
			};
			buildConfigurationList = 118EA2DC27C3A6170044ED56 /* Build configuration list for PBXProject "Number Prediction APP" */;
			compatibilityVersion = "Xcode 13.0";
			developmentRegion = en;
			hasScannedForEncodings = 0;
			knownRegions = (
				en,
				Base,
			);
			mainGroup = 118EA2D827C3A6170044ED56;
			productRefGroup = 118EA2E227C3A6170044ED56 /* Products */;
			projectDirPath = "";
			projectRoot = "";
			targets = (
				118EA2E027C3A6170044ED56 /* Number Prediction APP */,
				118EA2F027C3A61A0044ED56 /* Number Prediction APPTests */,
				118EA2FA27C3A61B0044ED56 /* Number Prediction APPUITests */,
			);
		};
/* End PBXProject section */

/* Begin PBXResourcesBuildPhase section */
		118EA2DF27C3A6170044ED56 /* Resources */ = {
			isa = PBXResourcesBuildPhase;
			buildActionMask = 2147483647;
			files = (
				118EA2EC27C3A61A0044ED56 /* Preview Assets.xcassets in Resources */,
				118EA2E927C3A61A0044ED56 /* Assets.xcassets in Resources */,
			);
			runOnlyForDeploymentPostprocessing = 0;
		};
		118EA2EF27C3A61A0044ED56 /* Resources */ = {
			isa = PBXResourcesBuildPhase;
			buildActionMask = 2147483647;
			files = (
			);
			runOnlyForDeploymentPostprocessing = 0;
		};
		118EA2F927C3A61B0044ED56 /* Resources */ = {
			isa = PBXResourcesBuildPhase;
			buildActionMask = 2147483647;
			files = (
			);
			runOnlyForDeploymentPostprocessing = 0;
		};
/* End PBXResourcesBuildPhase section */

/* Begin PBXSourcesBuildPhase section */
		118EA2DD27C3A6170044ED56 /* Sources */ = {
			isa = PBXSourcesBuildPhase;
			buildActionMask = 2147483647;
			files = (
				118EA2E727C3A6170044ED56 /* ContentView.swift in Sources */,
				118EA2E527C3A6170044ED56 /* Number_Prediction_APPApp.swift in Sources */,
			);
			runOnlyForDeploymentPostprocessing = 0;
		};
		118EA2ED27C3A61A0044ED56 /* Sources */ = {
			isa = PBXSourcesBuildPhase;
			buildActionMask = 2147483647;
			files = (
				118EA2F627C3A61B0044ED56 /* Number_Prediction_APPTests.swift in Sources */,
			);
			runOnlyForDeploymentPostprocessing = 0;
		};
		118EA2F727C3A61B0044ED56 /* Sources */ = {
			isa = PBXSourcesBuildPhase;
			buildActionMask = 2147483647;
			files = (
				118EA30227C3A61B0044ED56 /* Number_Prediction_APPUITestsLaunchTests.swift in Sources */,
				118EA30027C3A61B0044ED56 /* Number_Prediction_APPUITests.swift in Sources */,
			);
			runOnlyForDeploymentPostprocessing = 0;
		};
/* End PBXSourcesBuildPhase section */

/* Begin PBXTargetDependency section */
		118EA2F327C3A61A0044ED56 /* PBXTargetDependency */ = {
			isa = PBXTargetDependency;
			target = 118EA2E027C3A6170044ED56 /* Number Prediction APP */;
			targetProxy = 118EA2F227C3A61A0044ED56 /* PBXContainerItemProxy */;
		};
		118EA2FD27C3A61B0044ED56 /* PBXTargetDependency */ = {
			isa = PBXTargetDependency;
			target = 118EA2E027C3A6170044ED56 /* Number Prediction APP */;
			targetProxy = 118EA2FC27C3A61B0044ED56 /* PBXContainerItemProxy */;
		};
/* End PBXTargetDependency section */

/* Begin XCBuildConfiguration section */
		118EA30327C3A61B0044ED56 /* Debug */ = {
			isa = XCBuildConfiguration;
			buildSettings = {
				ALWAYS_SEARCH_USER_PATHS = NO;
				CLANG_ANALYZER_NONNULL = YES;
				CLANG_ANALYZER_NUMBER_OBJECT_CONVERSION = YES_AGGRESSIVE;
				CLANG_CXX_LANGUAGE_STANDARD = "gnu++17";
				CLANG_CXX_LIBRARY = "libc++";
				CLANG_ENABLE_MODULES = YES;
				CLANG_ENABLE_OBJC_ARC = YES;
				CLANG_ENABLE_OBJC_WEAK = YES;
				CLANG_WARN_BLOCK_CAPTURE_AUTORELEASING = YES;
				CLANG_WARN_BOOL_CONVERSION = YES;
				CLANG_WARN_COMMA = YES;
				CLANG_WARN_CONSTANT_CONVERSION = YES;
				CLANG_WARN_DEPRECATED_OBJC_IMPLEMENTATIONS = YES;
				CLANG_WARN_DIRECT_OBJC_ISA_USAGE = YES_ERROR;
				CLANG_WARN_DOCUMENTATION_COMMENTS = YES;
				CLANG_WARN_EMPTY_BODY = YES;
				CLANG_WARN_ENUM_CONVERSION = YES;
				CLANG_WARN_INFINITE_RECURSION = YES;
				CLANG_WARN_INT_CONVERSION = YES;
				CLANG_WARN_NON_LITERAL_NULL_CONVERSION = YES;
				CLANG_WARN_OBJC_IMPLICIT_RETAIN_SELF = YES;
				CLANG_WARN_OBJC_LITERAL_CONVERSION = YES;
				CLANG_WARN_OBJC_ROOT_CLASS = YES_ERROR;
				CLANG_WARN_QUOTED_INCLUDE_IN_FRAMEWORK_HEADER = YES;
				CLANG_WARN_RANGE_LOOP_ANALYSIS = YES;
				CLANG_WARN_STRICT_PROTOTYPES = YES;
				CLANG_WARN_SUSPICIOUS_MOVE = YES;
				CLANG_WARN_UNGUARDED_AVAILABILITY = YES_AGGRESSIVE;
				CLANG_WARN_UNREACHABLE_CODE = YES;
				CLANG_WARN__DUPLICATE_METHOD_MATCH = YES;
				COPY_PHASE_STRIP = NO;
				DEBUG_INFORMATION_FORMAT = dwarf;
				ENABLE_STRICT_OBJC_MSGSEND = YES;
				ENABLE_TESTABILITY = YES;
				GCC_C_LANGUAGE_STANDARD = gnu11;
				GCC_DYNAMIC_NO_PIC = NO;
				GCC_NO_COMMON_BLOCKS = YES;
				GCC_OPTIMIZATION_LEVEL = 0;
				GCC_PREPROCESSOR_DEFINITIONS = (
					"DEBUG=1",
					"$(inherited)",
				);
				GCC_WARN_64_TO_32_BIT_CONVERSION = YES;
				GCC_WARN_ABOUT_RETURN_TYPE = YES_ERROR;
				GCC_WARN_UNDECLARED_SELECTOR = YES;
				GCC_WARN_UNINITIALIZED_AUTOS = YES_AGGRESSIVE;
				GCC_WARN_UNUSED_FUNCTION = YES;
				GCC_WARN_UNUSED_VARIABLE = YES;
				IPHONEOS_DEPLOYMENT_TARGET = 15.2;
				MTL_ENABLE_DEBUG_INFO = INCLUDE_SOURCE;
				MTL_FAST_MATH = YES;
				ONLY_ACTIVE_ARCH = YES;
				SDKROOT = iphoneos;
				SWIFT_ACTIVE_COMPILATION_CONDITIONS = DEBUG;
				SWIFT_OPTIMIZATION_LEVEL = "-Onone";
			};
			name = Debug;
		};
		118EA30427C3A61B0044ED56 /* Release */ = {
			isa = XCBuildConfiguration;
			buildSettings = {
				ALWAYS_SEARCH_USER_PATHS = NO;
				CLANG_ANALYZER_NONNULL = YES;
				CLANG_ANALYZER_NUMBER_OBJECT_CONVERSION = YES_AGGRESSIVE;
				CLANG_CXX_LANGUAGE_STANDARD = "gnu++17";
				CLANG_CXX_LIBRARY = "libc++";
				CLANG_ENABLE_MODULES = YES;
				CLANG_ENABLE_OBJC_ARC = YES;
				CLANG_ENABLE_OBJC_WEAK = YES;
				CLANG_WARN_BLOCK_CAPTURE_AUTORELEASING = YES;
				CLANG_WARN_BOOL_CONVERSION = YES;
				CLANG_WARN_COMMA = YES;
				CLANG_WARN_CONSTANT_CONVERSION = YES;
				CLANG_WARN_DEPRECATED_OBJC_IMPLEMENTATIONS = YES;
				CLANG_WARN_DIRECT_OBJC_ISA_USAGE = YES_ERROR;
				CLANG_WARN_DOCUMENTATION_COMMENTS = YES;
				CLANG_WARN_EMPTY_BODY = YES;
				CLANG_WARN_ENUM_CONVERSION = YES;
				CLANG_WARN_INFINITE_RECURSION = YES;
				CLANG_WARN_INT_CONVERSION = YES;
				CLANG_WARN_NON_LITERAL_NULL_CONVERSION = YES;
				CLANG_WARN_OBJC_IMPLICIT_RETAIN_SELF = YES;
				CLANG_WARN_OBJC_LITERAL_CONVERSION = YES;
				CLANG_WARN_OBJC_ROOT_CLASS = YES_ERROR;
				CLANG_WARN_QUOTED_INCLUDE_IN_FRAMEWORK_HEADER = YES;
				CLANG_WARN_RANGE_LOOP_ANALYSIS = YES;
				CLANG_WARN_STRICT_PROTOTYPES = YES;
				CLANG_WARN_SUSPICIOUS_MOVE = YES;
				CLANG_WARN_UNGUARDED_AVAILABILITY = YES_AGGRESSIVE;
				CLANG_WARN_UNREACHABLE_CODE = YES;
				CLANG_WARN__DUPLICATE_METHOD_MATCH = YES;
				COPY_PHASE_STRIP = NO;
				DEBUG_INFORMATION_FORMAT = "dwarf-with-dsym";
				ENABLE_NS_ASSERTIONS = NO;
				ENABLE_STRICT_OBJC_MSGSEND = YES;
				GCC_C_LANGUAGE_STANDARD = gnu11;
				GCC_NO_COMMON_BLOCKS = YES;
				GCC_WARN_64_TO_32_BIT_CONVERSION = YES;
				GCC_WARN_ABOUT_RETURN_TYPE = YES_ERROR;
				GCC_WARN_UNDECLARED_SELECTOR = YES;
				GCC_WARN_UNINITIALIZED_AUTOS = YES_AGGRESSIVE;
				GCC_WARN_UNUSED_FUNCTION = YES;
				GCC_WARN_UNUSED_VARIABLE = YES;
				IPHONEOS_DEPLOYMENT_TARGET = 15.2;
				MTL_ENABLE_DEBUG_INFO = NO;
				MTL_FAST_MATH = YES;
				SDKROOT = iphoneos;
				SWIFT_COMPILATION_MODE = wholemodule;
				SWIFT_OPTIMIZATION_LEVEL = "-O";
				VALIDATE_PRODUCT = YES;
			};
			name = Release;
		};
		118EA30627C3A61B0044ED56 /* Debug */ = {
			isa = XCBuildConfiguration;
			buildSettings = {
				ASSETCATALOG_COMPILER_APPICON_NAME = AppIcon;
				ASSETCATALOG_COMPILER_GLOBAL_ACCENT_COLOR_NAME = AccentColor;
				CODE_SIGN_STYLE = Automatic;
				CURRENT_PROJECT_VERSION = 1;
				DEVELOPMENT_ASSET_PATHS = "\"Number Prediction APP/Preview Content\"";
				DEVELOPMENT_TEAM = 448H3S9AG3;
				ENABLE_PREVIEWS = YES;
				GENERATE_INFOPLIST_FILE = YES;
				INFOPLIST_KEY_UIApplicationSceneManifest_Generation = YES;
				INFOPLIST_KEY_UIApplicationSupportsIndirectInputEvents = YES;
				INFOPLIST_KEY_UILaunchScreen_Generation = YES;
				INFOPLIST_KEY_UISupportedInterfaceOrientations_iPad = "UIInterfaceOrientationPortrait UIInterfaceOrientationPortraitUpsideDown UIInterfaceOrientationLandscapeLeft UIInterfaceOrientationLandscapeRight";
				INFOPLIST_KEY_UISupportedInterfaceOrientations_iPhone = "UIInterfaceOrientationPortrait UIInterfaceOrientationLandscapeLeft UIInterfaceOrientationLandscapeRight";
				LD_RUNPATH_SEARCH_PATHS = (
					"$(inherited)",
					"@executable_path/Frameworks",
				);
				MARKETING_VERSION = 1.0;
				PRODUCT_BUNDLE_IDENTIFIER = "tunahan.Number-Prediction-APP";
				PRODUCT_NAME = "$(TARGET_NAME)";
				SWIFT_EMIT_LOC_STRINGS = YES;
				SWIFT_VERSION = 5.0;
				TARGETED_DEVICE_FAMILY = "1,2";
			};
			name = Debug;
		};
		118EA30727C3A61B0044ED56 /* Release */ = {
			isa = XCBuildConfiguration;
			buildSettings = {
				ASSETCATALOG_COMPILER_APPICON_NAME = AppIcon;
				ASSETCATALOG_COMPILER_GLOBAL_ACCENT_COLOR_NAME = AccentColor;
				CODE_SIGN_STYLE = Automatic;
				CURRENT_PROJECT_VERSION = 1;
				DEVELOPMENT_ASSET_PATHS = "\"Number Prediction APP/Preview Content\"";
				DEVELOPMENT_TEAM = 448H3S9AG3;
				ENABLE_PREVIEWS = YES;
				GENERATE_INFOPLIST_FILE = YES;
				INFOPLIST_KEY_UIApplicationSceneManifest_Generation = YES;
				INFOPLIST_KEY_UIApplicationSupportsIndirectInputEvents = YES;
				INFOPLIST_KEY_UILaunchScreen_Generation = YES;
				INFOPLIST_KEY_UISupportedInterfaceOrientations_iPad = "UIInterfaceOrientationPortrait UIInterfaceOrientationPortraitUpsideDown UIInterfaceOrientationLandscapeLeft UIInterfaceOrientationLandscapeRight";
				INFOPLIST_KEY_UISupportedInterfaceOrientations_iPhone = "UIInterfaceOrientationPortrait UIInterfaceOrientationLandscapeLeft UIInterfaceOrientationLandscapeRight";
				LD_RUNPATH_SEARCH_PATHS = (
					"$(inherited)",
					"@executable_path/Frameworks",
				);
				MARKETING_VERSION = 1.0;
				PRODUCT_BUNDLE_IDENTIFIER = "tunahan.Number-Prediction-APP";
				PRODUCT_NAME = "$(TARGET_NAME)";
				SWIFT_EMIT_LOC_STRINGS = YES;
				SWIFT_VERSION = 5.0;
				TARGETED_DEVICE_FAMILY = "1,2";
			};
			name = Release;
		};
		118EA30927C3A61B0044ED56 /* Debug */ = {
			isa = XCBuildConfiguration;
			buildSettings = {
				ALWAYS_EMBED_SWIFT_STANDARD_LIBRARIES = YES;
				BUNDLE_LOADER = "$(TEST_HOST)";
				CODE_SIGN_STYLE = Automatic;
				CURRENT_PROJECT_VERSION = 1;
				DEVELOPMENT_TEAM = 448H3S9AG3;
				GENERATE_INFOPLIST_FILE = YES;
				IPHONEOS_DEPLOYMENT_TARGET = 15.2;
				MARKETING_VERSION = 1.0;
				PRODUCT_BUNDLE_IDENTIFIER = "tunahan.Number-Prediction-APPTests";
				PRODUCT_NAME = "$(TARGET_NAME)";
				SWIFT_EMIT_LOC_STRINGS = NO;
				SWIFT_VERSION = 5.0;
				TARGETED_DEVICE_FAMILY = "1,2";
				TEST_HOST = "$(BUILT_PRODUCTS_DIR)/Number Prediction APP.app/Number Prediction APP";
			};
			name = Debug;
		};
		118EA30A27C3A61B0044ED56 /* Release */ = {
			isa = XCBuildConfiguration;
			buildSettings = {
				ALWAYS_EMBED_SWIFT_STANDARD_LIBRARIES = YES;
				BUNDLE_LOADER = "$(TEST_HOST)";
				CODE_SIGN_STYLE = Automatic;
				CURRENT_PROJECT_VERSION = 1;
				DEVELOPMENT_TEAM = 448H3S9AG3;
				GENERATE_INFOPLIST_FILE = YES;
				IPHONEOS_DEPLOYMENT_TARGET = 15.2;
				MARKETING_VERSION = 1.0;
				PRODUCT_BUNDLE_IDENTIFIER = "tunahan.Number-Prediction-APPTests";
				PRODUCT_NAME = "$(TARGET_NAME)";
				SWIFT_EMIT_LOC_STRINGS = NO;
				SWIFT_VERSION = 5.0;
				TARGETED_DEVICE_FAMILY = "1,2";
				TEST_HOST = "$(BUILT_PRODUCTS_DIR)/Number Prediction APP.app/Number Prediction APP";
			};
			name = Release;
		};
		118EA30C27C3A61B0044ED56 /* Debug */ = {
			isa = XCBuildConfiguration;
			buildSettings = {
				ALWAYS_EMBED_SWIFT_STANDARD_LIBRARIES = YES;
				CODE_SIGN_STYLE = Automatic;
				CURRENT_PROJECT_VERSION = 1;
				DEVELOPMENT_TEAM = 448H3S9AG3;
				GENERATE_INFOPLIST_FILE = YES;
				MARKETING_VERSION = 1.0;
				PRODUCT_BUNDLE_IDENTIFIER = "tunahan.Number-Prediction-APPUITests";
				PRODUCT_NAME = "$(TARGET_NAME)";
				SWIFT_EMIT_LOC_STRINGS = NO;
				SWIFT_VERSION = 5.0;
				TARGETED_DEVICE_FAMILY = "1,2";
				TEST_TARGET_NAME = "Number Prediction APP";
			};
			name = Debug;
		};
		118EA30D27C3A61B0044ED56 /* Release */ = {
			isa = XCBuildConfiguration;
			buildSettings = {
				ALWAYS_EMBED_SWIFT_STANDARD_LIBRARIES = YES;
				CODE_SIGN_STYLE = Automatic;
				CURRENT_PROJECT_VERSION = 1;
				DEVELOPMENT_TEAM = 448H3S9AG3;
				GENERATE_INFOPLIST_FILE = YES;
				MARKETING_VERSION = 1.0;
				PRODUCT_BUNDLE_IDENTIFIER = "tunahan.Number-Prediction-APPUITests";
				PRODUCT_NAME = "$(TARGET_NAME)";
				SWIFT_EMIT_LOC_STRINGS = NO;
				SWIFT_VERSION = 5.0;
				TARGETED_DEVICE_FAMILY = "1,2";
				TEST_TARGET_NAME = "Number Prediction APP";
			};
			name = Release;
		};
/* End XCBuildConfiguration section */

/* Begin XCConfigurationList section */
		118EA2DC27C3A6170044ED56 /* Build configuration list for PBXProject "Number Prediction APP" */ = {
			isa = XCConfigurationList;
			buildConfigurations = (
				118EA30327C3A61B0044ED56 /* Debug */,
				118EA30427C3A61B0044ED56 /* Release */,
			);
			defaultConfigurationIsVisible = 0;
			defaultConfigurationName = Release;
		};
		118EA30527C3A61B0044ED56 /* Build configuration list for PBXNativeTarget "Number Prediction APP" */ = {
			isa = XCConfigurationList;
			buildConfigurations = (
				118EA30627C3A61B0044ED56 /* Debug */,
				118EA30727C3A61B0044ED56 /* Release */,
			);
			defaultConfigurationIsVisible = 0;
			defaultConfigurationName = Release;
		};
		118EA30827C3A61B0044ED56 /* Build configuration list for PBXNativeTarget "Number Prediction APPTests" */ = {
			isa = XCConfigurationList;
			buildConfigurations = (
				118EA30927C3A61B0044ED56 /* Debug */,
				118EA30A27C3A61B0044ED56 /* Release */,
			);
			defaultConfigurationIsVisible = 0;
			defaultConfigurationName = Release;
		};
		118EA30B27C3A61B0044ED56 /* Build configuration list for PBXNativeTarget "Number Prediction APPUITests" */ = {
			isa = XCConfigurationList;
			buildConfigurations = (
				118EA30C27C3A61B0044ED56 /* Debug */,
				118EA30D27C3A61B0044ED56 /* Release */,
			);
			defaultConfigurationIsVisible = 0;
			defaultConfigurationName = Release;
		};
/* End XCConfigurationList section */
	};
	rootObject = 118EA2D927C3A6170044ED56 /* Project object */;
}
